// !$*UTF8*$!
{
	archiveVersion = 1;
	classes = {
	};
	objectVersion = 46;
	objects = {

/* Begin PBXBuildFile section */
		9D9BC8E01E452DC900AD1F33 /* AppDelegate.swift in Sources */ = {isa = PBXBuildFile; fileRef = 9D9BC8DF1E452DC900AD1F33 /* AppDelegate.swift */; };
		9D9BC8E21E452DC900AD1F33 /* ViewController.swift in Sources */ = {isa = PBXBuildFile; fileRef = 9D9BC8E11E452DC900AD1F33 /* ViewController.swift */; };
		9D9BC8E51E452DC900AD1F33 /* Main.storyboard in Resources */ = {isa = PBXBuildFile; fileRef = 9D9BC8E31E452DC900AD1F33 /* Main.storyboard */; };
		9D9BC8E71E452DC900AD1F33 /* Assets.xcassets in Resources */ = {isa = PBXBuildFile; fileRef = 9D9BC8E61E452DC900AD1F33 /* Assets.xcassets */; };
		9D9BC8EA1E452DC900AD1F33 /* LaunchScreen.storyboard in Resources */ = {isa = PBXBuildFile; fileRef = 9D9BC8E81E452DC900AD1F33 /* LaunchScreen.storyboard */; };
/* End PBXBuildFile section */

/* Begin PBXFileReference section */
		9D9BC8DC1E452DC900AD1F33 /* Hello.app */ = {isa = PBXFileReference; explicitFileType = wrapper.application; includeInIndex = 0; path = Hello.app; sourceTree = BUILT_PRODUCTS_DIR; };
		9D9BC8DF1E452DC900AD1F33 /* AppDelegate.swift */ = {isa = PBXFileReference; lastKnownFileType = sourcecode.swift; path = AppDelegate.swift; sourceTree = "<group>"; };
		9D9BC8E11E452DC900AD1F33 /* ViewController.swift */ = {isa = PBXFileReference; lastKnownFileType = sourcecode.swift; path = ViewController.swift; sourceTree = "<group>"; };
		9D9BC8E41E452DC900AD1F33 /* Base */ = {isa = PBXFileReference; lastKnownFileType = file.storyboard; name = Base; path = Base.lproj/Main.storyboard; sourceTree = "<group>"; };
		9D9BC8E61E452DC900AD1F33 /* Assets.xcassets */ = {isa = PBXFileReference; lastKnownFileType = folder.assetcatalog; path = Assets.xcassets; sourceTree = "<group>"; };
		9D9BC8E91E452DC900AD1F33 /* Base */ = {isa = PBXFileReference; lastKnownFileType = file.storyboard; name = Base; path = Base.lproj/LaunchScreen.storyboard; sourceTree = "<group>"; };
		9D9BC8EB1E452DC900AD1F33 /* Info.plist */ = {isa = PBXFileReference; lastKnownFileType = text.plist.xml; path = Info.plist; sourceTree = "<group>"; };
/* End PBXFileReference section */

/* Begin PBXFrameworksBuildPhase section */
		9D9BC8D91E452DC900AD1F33 /* Frameworks */ = {
			isa = PBXFrameworksBuildPhase;
			buildActionMask = 2147483647;
			files = (
			);
			runOnlyForDeploymentPostprocessing = 0;
		};
/* End PBXFrameworksBuildPhase section */

/* Begin PBXGroup section */
		9D9BC8D31E452DC900AD1F33 = {
			isa = PBXGroup;
			children = (
				9D9BC8DE1E452DC900AD1F33 /* Hello */,
				9D9BC8DD1E452DC900AD1F33 /* Products */,
			);
			sourceTree = "<group>";
		};
		9D9BC8DD1E452DC900AD1F33 /* Products */ = {
			isa = PBXGroup;
			children = (
				9D9BC8DC1E452DC900AD1F33 /* Hello.app */,
			);
			name = Products;
			sourceTree = "<group>";
		};
		9D9BC8DE1E452DC900AD1F33 /* Hello */ = {
			isa = PBXGroup;
			children = (
				9D9BC8DF1E452DC900AD1F33 /* AppDelegate.swift */,
				9D9BC8E11E452DC900AD1F33 /* ViewController.swift */,
				9D9BC8E31E452DC900AD1F33 /* Main.storyboard */,
				9D9BC8E61E452DC900AD1F33 /* Assets.xcassets */,
				9D9BC8E81E452DC900AD1F33 /* LaunchScreen.storyboard */,
				9D9BC8EB1E452DC900AD1F33 /* Info.plist */,
			);
			path = Hello;
			sourceTree = "<group>";
		};
/* End PBXGroup section */

/* Begin PBXNativeTarget section */
		9D9BC8DB1E452DC900AD1F33 /* Hello */ = {
			isa = PBXNativeTarget;
			buildConfigurationList = 9D9BC8EE1E452DC900AD1F33 /* Build configuration list for PBXNativeTarget "Hello" */;
			buildPhases = (
				9D9BC8D81E452DC900AD1F33 /* Sources */,
				9D9BC8D91E452DC900AD1F33 /* Frameworks */,
				9D9BC8DA1E452DC900AD1F33 /* Resources */,
			);
			buildRules = (
			);
			dependencies = (
			);
			name = Hello;
			productName = Hello;
			productReference = 9D9BC8DC1E452DC900AD1F33 /* Hello.app */;
			productType = "com.apple.product-type.application";
		};
/* End PBXNativeTarget section */

/* Begin PBXProject section */
		9D9BC8D41E452DC900AD1F33 /* Project object */ = {
			isa = PBXProject;
			attributes = {
				LastSwiftUpdateCheck = 0810;
				LastUpgradeCheck = 0810;
				ORGANIZATIONNAME = DevMountain;
				TargetAttributes = {
					9D9BC8DB1E452DC900AD1F33 = {
						CreatedOnToolsVersion = 8.1;
						DevelopmentTeam = 357NQPN89X;
						ProvisioningStyle = Automatic;
					};
				};
			};
			buildConfigurationList = 9D9BC8D71E452DC900AD1F33 /* Build configuration list for PBXProject "Hello" */;
			compatibilityVersion = "Xcode 3.2";
			developmentRegion = English;
			hasScannedForEncodings = 0;
			knownRegions = (
				en,
				Base,
			);
			mainGroup = 9D9BC8D31E452DC900AD1F33;
			productRefGroup = 9D9BC8DD1E452DC900AD1F33 /* Products */;
			projectDirPath = "";
			projectRoot = "";
			targets = (
				9D9BC8DB1E452DC900AD1F33 /* Hello */,
			);
		};
/* End PBXProject section */

/* Begin PBXResourcesBuildPhase section */
		9D9BC8DA1E452DC900AD1F33 /* Resources */ = {
			isa = PBXResourcesBuildPhase;
			buildActionMask = 2147483647;
			files = (
				9D9BC8EA1E452DC900AD1F33 /* LaunchScreen.storyboard in Resources */,
				9D9BC8E71E452DC900AD1F33 /* Assets.xcassets in Resources */,
				9D9BC8E51E452DC900AD1F33 /* Main.storyboard in Resources */,
			);
			runOnlyForDeploymentPostprocessing = 0;
		};
/* End PBXResourcesBuildPhase section */

/* Begin PBXSourcesBuildPhase section */
		9D9BC8D81E452DC900AD1F33 /* Sources */ = {
			isa = PBXSourcesBuildPhase;
			buildActionMask = 2147483647;
			files = (
				9D9BC8E21E452DC900AD1F33 /* ViewController.swift in Sources */,
				9D9BC8E01E452DC900AD1F33 /* AppDelegate.swift in Sources */,
			);
			runOnlyForDeploymentPostprocessing = 0;
		};
/* End PBXSourcesBuildPhase section */

/* Begin PBXVariantGroup section */
		9D9BC8E31E452DC900AD1F33 /* Main.storyboard */ = {
			isa = PBXVariantGroup;
			children = (
				9D9BC8E41E452DC900AD1F33 /* Base */,
			);
			name = Main.storyboard;
			sourceTree = "<group>";
		};
		9D9BC8E81E452DC900AD1F33 /* LaunchScreen.storyboard */ = {
			isa = PBXVariantGroup;
			children = (
				9D9BC8E91E452DC900AD1F33 /* Base */,
			);
			name = LaunchScreen.storyboard;
			sourceTree = "<group>";
		};
/* End PBXVariantGroup section */

/* Begin XCBuildConfiguration section */
		9D9BC8EC1E452DC900AD1F33 /* Debug */ = {
			isa = XCBuildConfiguration;
			buildSettings = {
				ALWAYS_SEARCH_USER_PATHS = NO;
				CLANG_ANALYZER_NONNULL = YES;
				CLANG_CXX_LANGUAGE_STANDARD = "gnu++0x";
				CLANG_CXX_LIBRARY = "libc++";
				CLANG_ENABLE_MODULES = YES;
				CLANG_ENABLE_OBJC_ARC = YES;
				CLANG_WARN_BOOL_CONVERSION = YES;
				CLANG_WARN_CONSTANT_CONVERSION = YES;
				CLANG_WARN_DIRECT_OBJC_ISA_USAGE = YES_ERROR;
				CLANG_WARN_DOCUMENTATION_COMMENTS = YES;
				CLANG_WARN_EMPTY_BODY = YES;
				CLANG_WARN_ENUM_CONVERSION = YES;
				CLANG_WARN_INFINITE_RECURSION = YES;
				CLANG_WARN_INT_CONVERSION = YES;
				CLANG_WARN_OBJC_ROOT_CLASS = YES_ERROR;
				CLANG_WARN_SUSPICIOUS_MOVES = YES;
				CLANG_WARN_UNREACHABLE_CODE = YES;
				CLANG_WARN__DUPLICATE_METHOD_MATCH = YES;
				"CODE_SIGN_IDENTITY[sdk=iphoneos*]" = "iPhone Developer";
				COPY_PHASE_STRIP = NO;
				DEBUG_INFORMATION_FORMAT = dwarf;
				ENABLE_STRICT_OBJC_MSGSEND = YES;
				ENABLE_TESTABILITY = YES;
				GCC_C_LANGUAGE_STANDARD = gnu99;
				GCC_DYNAMIC_NO_PIC = NO;
				GCC_NO_COMMON_BLOCKS = YES;
				GCC_OPTIMIZATION_LEVEL = 0;
				GCC_PREPROCESSOR_DEFINITIONS = (
					"DEBUG=1",
					"$(inherited)",
				);
				GCC_WARN_64_TO_32_BIT_CONVERSION = YES;
				GCC_WARN_ABOUT_RETURN_TYPE = YES_ERROR;
				GCC_WARN_UNDECLARED_SELECTOR = YES;
				GCC_WARN_UNINITIALIZED_AUTOS = YES_AGGRESSIVE;
				GCC_WARN_UNUSED_FUNCTION = YES;
				GCC_WARN_UNUSED_VARIABLE = YES;
				IPHONEOS_DEPLOYMENT_TARGET = 10.1;
				MTL_ENABLE_DEBUG_INFO = YES;
				ONLY_ACTIVE_ARCH = YES;
				SDKROOT = iphoneos;
				SWIFT_ACTIVE_COMPILATION_CONDITIONS = DEBUG;
				SWIFT_OPTIMIZATION_LEVEL = "-Onone";
				TARGETED_DEVICE_FAMILY = "1,2";
			};
			name = Debug;
		};
		9D9BC8ED1E452DC900AD1F33 /* Release */ = {
			isa = XCBuildConfiguration;
			buildSettings = {
				ALWAYS_SEARCH_USER_PATHS = NO;
				CLANG_ANALYZER_NONNULL = YES;
				CLANG_CXX_LANGUAGE_STANDARD = "gnu++0x";
				CLANG_CXX_LIBRARY = "libc++";
				CLANG_ENABLE_MODULES = YES;
				CLANG_ENABLE_OBJC_ARC = YES;
				CLANG_WARN_BOOL_CONVERSION = YES;
				CLANG_WARN_CONSTANT_CONVERSION = YES;
				CLANG_WARN_DIRECT_OBJC_ISA_USAGE = YES_ERROR;
				CLANG_WARN_DOCUMENTATION_COMMENTS = YES;
				CLANG_WARN_EMPTY_BODY = YES;
				CLANG_WARN_ENUM_CONVERSION = YES;
				CLANG_WARN_INFINITE_RECURSION = YES;
				CLANG_WARN_INT_CONVERSION = YES;
				CLANG_WARN_OBJC_ROOT_CLASS = YES_ERROR;
				CLANG_WARN_SUSPICIOUS_MOVES = YES;
				CLANG_WARN_UNREACHABLE_CODE = YES;
				CLANG_WARN__DUPLICATE_METHOD_MATCH = YES;
				"CODE_SIGN_IDENTITY[sdk=iphoneos*]" = "iPhone Developer";
				COPY_PHASE_STRIP = NO;
				DEBUG_INFORMATION_FORMAT = "dwarf-with-dsym";
				ENABLE_NS_ASSERTIONS = NO;
				ENABLE_STRICT_OBJC_MSGSEND = YES;
				GCC_C_LANGUAGE_STANDARD = gnu99;
				GCC_NO_COMMON_BLOCKS = YES;
				GCC_WARN_64_TO_32_BIT_CONVERSION = YES;
				GCC_WARN_ABOUT_RETURN_TYPE = YES_ERROR;
				GCC_WARN_UNDECLARED_SELECTOR = YES;
				GCC_WARN_UNINITIALIZED_AUTOS = YES_AGGRESSIVE;
				GCC_WARN_UNUSED_FUNCTION = YES;
				GCC_WARN_UNUSED_VARIABLE = YES;
				IPHONEOS_DEPLOYMENT_TARGET = 10.1;
				MTL_ENABLE_DEBUG_INFO = NO;
				SDKROOT = iphoneos;
				SWIFT_OPTIMIZATION_LEVEL = "-Owholemodule";
				TARGETED_DEVICE_FAMILY = "1,2";
				VALIDATE_PRODUCT = YES;
			};
			name = Release;
		};
		9D9BC8EF1E452DC900AD1F33 /* Debug */ = {
			isa = XCBuildConfiguration;
			buildSettings = {
				ASSETCATALOG_COMPILER_APPICON_NAME = AppIcon;
				DEVELOPMENT_TEAM = 357NQPN89X;
				INFOPLIST_FILE = Hello/Info.plist;
				LD_RUNPATH_SEARCH_PATHS = "$(inherited) @executable_path/Frameworks";
				PRODUCT_BUNDLE_IDENTIFIER = com.DevMountain.Hello;
				PRODUCT_NAME = "$(TARGET_NAME)";
				SWIFT_VERSION = 3.0;
			};
			name = Debug;
		};
		9D9BC8F01E452DC900AD1F33 /* Release */ = {
			isa = XCBuildConfiguration;
			buildSettings = {
				ASSETCATALOG_COMPILER_APPICON_NAME = AppIcon;
				DEVELOPMENT_TEAM = 357NQPN89X;
				INFOPLIST_FILE = Hello/Info.plist;
				LD_RUNPATH_SEARCH_PATHS = "$(inherited) @executable_path/Frameworks";
				PRODUCT_BUNDLE_IDENTIFIER = com.DevMountain.Hello;
				PRODUCT_NAME = "$(TARGET_NAME)";
				SWIFT_VERSION = 3.0;
			};
			name = Release;
		};
/* End XCBuildConfiguration section */

/* Begin XCConfigurationList section */
		9D9BC8D71E452DC900AD1F33 /* Build configuration list for PBXProject "Hello" */ = {
			isa = XCConfigurationList;
			buildConfigurations = (
				9D9BC8EC1E452DC900AD1F33 /* Debug */,
				9D9BC8ED1E452DC900AD1F33 /* Release */,
			);
			defaultConfigurationIsVisible = 0;
			defaultConfigurationName = Release;
		};
		9D9BC8EE1E452DC900AD1F33 /* Build configuration list for PBXNativeTarget "Hello" */ = {
			isa = XCConfigurationList;
			buildConfigurations = (
				9D9BC8EF1E452DC900AD1F33 /* Debug */,
				9D9BC8F01E452DC900AD1F33 /* Release */,
			);
			defaultConfigurationIsVisible = 0;
		};
/* End XCConfigurationList section */
	};
	rootObject = 9D9BC8D41E452DC900AD1F33 /* Project object */;
}
